{
  "pins" : [
    {
      "identity" : "alamofire",
      "kind" : "remoteSourceControl",
      "location" : "https://github.com/Alamofire/Alamofire.git",
      "state" : {
        "revision" : "f82c23a8a7ef8dc1a49a8bfc6a96883e79121864",
        "version" : "5.5.0"
      }
    },
    {
      "identity" : "cameramanager",
      "kind" : "remoteSourceControl",
      "location" : "https://github.com/imaginary-cloud/CameraManager",
      "state" : {
        "branch" : "master",
        "revision" : "660d7b8326f43ab1721620cd4729b3928c8a767b"
      }
    },
    {
      "identity" : "kakao-ios-sdk",
      "kind" : "remoteSourceControl",
      "location" : "https://github.com/kakao/kakao-ios-sdk",
      "state" : {
        "branch" : "master",
        "revision" : "b7f3cbb82e188c8d5effb12328d2b0d2ea02023d"
      }
    }
  ],
  "version" : 2
}
